// !$*UTF8*$!
{
	archiveVersion = 1;
	classes = {
	};
	objectVersion = 77;
	objects = {

/* Begin PBXBuildFile section */
		0DA2C1ABB29BF270DC0665F8 /* CareVisionSampleApp.swift in Sources */ = {isa = PBXBuildFile; fileRef = C2AF52B5166C2BE11EA723A8 /* CareVisionSampleApp.swift */; };
		0E21AE6DB9C5EC675C731590 /* RolePickerView.swift in Sources */ = {isa = PBXBuildFile; fileRef = C1B4A8EC265E6B314530ECE1 /* RolePickerView.swift */; };
		116636B219565CA5C657A8F7 /* CameraPreviewView.swift in Sources */ = {isa = PBXBuildFile; fileRef = 0808D41E7D6FF97AF2E96DC3 /* CameraPreviewView.swift */; };
		14EBF7129D84E197E36CE989 /* SSEClient.swift in Sources */ = {isa = PBXBuildFile; fileRef = A874106531BBEAA41C1637F7 /* SSEClient.swift */; };
		2375EB754F84D3C548944885 /* APIClient.swift in Sources */ = {isa = PBXBuildFile; fileRef = 01E8D7F868DD9A29D9E28DBD /* APIClient.swift */; };
		54C820325241B874E622F509 /* AppRootView.swift in Sources */ = {isa = PBXBuildFile; fileRef = 177BA34F336850E1C1054AFC /* AppRootView.swift */; };
		646F00AD0B2019BF49B4B880 /* SensorModeViewModel.swift in Sources */ = {isa = PBXBuildFile; fileRef = 65DBAE6836C50925926F1669 /* SensorModeViewModel.swift */; };
		75CA4D197E933D06AC6EE54E /* LiveVideoTrackView.swift in Sources */ = {isa = PBXBuildFile; fileRef = C4341E7FC86AD391D6567A00 /* LiveVideoTrackView.swift */; };
		7AC17B9BE4A508C7F06756BF /* LiveKit in Frameworks */ = {isa = PBXBuildFile; productRef = FB60F8A5D164C0F6C113E5D4 /* LiveKit */; };
		7CC9492C746C9E0A11E9D3CB /* PanelCard.swift in Sources */ = {isa = PBXBuildFile; fileRef = 6CF8056B2FB461262CDBDE97 /* PanelCard.swift */; };
		8C563F87DB1D3A469CB29743 /* BedExitDetector.swift in Sources */ = {isa = PBXBuildFile; fileRef = AF28146DFA570E73332C94D2 /* BedExitDetector.swift */; };
		8ED568972ACBE0656B93E405 /* LiveKitRoomManager.swift in Sources */ = {isa = PBXBuildFile; fileRef = 9387712B7783A818463DE5F0 /* LiveKitRoomManager.swift */; };
		8F484890352660062D020C71 /* SensorModeView.swift in Sources */ = {isa = PBXBuildFile; fileRef = D23543D63E9B5999533F377F /* SensorModeView.swift */; };
		975AFA3E45516D7A0AA9D237 /* Models.swift in Sources */ = {isa = PBXBuildFile; fileRef = E3787DFBF852E99CC155AA88 /* Models.swift */; };
		9BDCCB094F5A94D7CCFCA411 /* CaregiverModeViewModel.swift in Sources */ = {isa = PBXBuildFile; fileRef = 455522F59E0112A64BAA50C4 /* CaregiverModeViewModel.swift */; };
		DFEC68605C59EB9F32739D70 /* MotionOverlayView.swift in Sources */ = {isa = PBXBuildFile; fileRef = F876F1A54B38F93BC66B8B86 /* MotionOverlayView.swift */; };
		E37BCE02B2904D47951E5C66 /* AppTheme.swift in Sources */ = {isa = PBXBuildFile; fileRef = 94B3FC67C40F201A95D5DE84 /* AppTheme.swift */; };
		E88CC683C456AD7DE17C1379 /* SensorCameraManager.swift in Sources */ = {isa = PBXBuildFile; fileRef = 527B609BDB8C270CF7AA2CC1 /* SensorCameraManager.swift */; };
		E8909AF9A2AFFED5055D337D /* CaregiverModeView.swift in Sources */ = {isa = PBXBuildFile; fileRef = 6A375F4CADAC6B89745C00A2 /* CaregiverModeView.swift */; };
/* End PBXBuildFile section */

/* Begin PBXFileReference section */
		01E8D7F868DD9A29D9E28DBD /* APIClient.swift */ = {isa = PBXFileReference; lastKnownFileType = sourcecode.swift; path = APIClient.swift; sourceTree = "<group>"; };
		0808D41E7D6FF97AF2E96DC3 /* CameraPreviewView.swift */ = {isa = PBXFileReference; lastKnownFileType = sourcecode.swift; path = CameraPreviewView.swift; sourceTree = "<group>"; };
		177BA34F336850E1C1054AFC /* AppRootView.swift */ = {isa = PBXFileReference; lastKnownFileType = sourcecode.swift; path = AppRootView.swift; sourceTree = "<group>"; };
		455522F59E0112A64BAA50C4 /* CaregiverModeViewModel.swift */ = {isa = PBXFileReference; lastKnownFileType = sourcecode.swift; path = CaregiverModeViewModel.swift; sourceTree = "<group>"; };
		527B609BDB8C270CF7AA2CC1 /* SensorCameraManager.swift */ = {isa = PBXFileReference; lastKnownFileType = sourcecode.swift; path = SensorCameraManager.swift; sourceTree = "<group>"; };
		65DBAE6836C50925926F1669 /* SensorModeViewModel.swift */ = {isa = PBXFileReference; lastKnownFileType = sourcecode.swift; path = SensorModeViewModel.swift; sourceTree = "<group>"; };
		6A375F4CADAC6B89745C00A2 /* CaregiverModeView.swift */ = {isa = PBXFileReference; lastKnownFileType = sourcecode.swift; path = CaregiverModeView.swift; sourceTree = "<group>"; };
		6CF8056B2FB461262CDBDE97 /* PanelCard.swift */ = {isa = PBXFileReference; lastKnownFileType = sourcecode.swift; path = PanelCard.swift; sourceTree = "<group>"; };
		896D58A2E69E236C4FC487B4 /* CareVisionSample.app */ = {isa = PBXFileReference; includeInIndex = 0; lastKnownFileType = wrapper.application; path = CareVisionSample.app; sourceTree = BUILT_PRODUCTS_DIR; };
		9387712B7783A818463DE5F0 /* LiveKitRoomManager.swift */ = {isa = PBXFileReference; lastKnownFileType = sourcecode.swift; path = LiveKitRoomManager.swift; sourceTree = "<group>"; };
		94B3FC67C40F201A95D5DE84 /* AppTheme.swift */ = {isa = PBXFileReference; lastKnownFileType = sourcecode.swift; path = AppTheme.swift; sourceTree = "<group>"; };
		A874106531BBEAA41C1637F7 /* SSEClient.swift */ = {isa = PBXFileReference; lastKnownFileType = sourcecode.swift; path = SSEClient.swift; sourceTree = "<group>"; };
		AF28146DFA570E73332C94D2 /* BedExitDetector.swift */ = {isa = PBXFileReference; lastKnownFileType = sourcecode.swift; path = BedExitDetector.swift; sourceTree = "<group>"; };
		C1B4A8EC265E6B314530ECE1 /* RolePickerView.swift */ = {isa = PBXFileReference; lastKnownFileType = sourcecode.swift; path = RolePickerView.swift; sourceTree = "<group>"; };
		C2AF52B5166C2BE11EA723A8 /* CareVisionSampleApp.swift */ = {isa = PBXFileReference; lastKnownFileType = sourcecode.swift; path = CareVisionSampleApp.swift; sourceTree = "<group>"; };
		C4341E7FC86AD391D6567A00 /* LiveVideoTrackView.swift */ = {isa = PBXFileReference; lastKnownFileType = sourcecode.swift; path = LiveVideoTrackView.swift; sourceTree = "<group>"; };
		D23543D63E9B5999533F377F /* SensorModeView.swift */ = {isa = PBXFileReference; lastKnownFileType = sourcecode.swift; path = SensorModeView.swift; sourceTree = "<group>"; };
		E3787DFBF852E99CC155AA88 /* Models.swift */ = {isa = PBXFileReference; lastKnownFileType = sourcecode.swift; path = Models.swift; sourceTree = "<group>"; };
		F876F1A54B38F93BC66B8B86 /* MotionOverlayView.swift */ = {isa = PBXFileReference; lastKnownFileType = sourcecode.swift; path = MotionOverlayView.swift; sourceTree = "<group>"; };
/* End PBXFileReference section */

/* Begin PBXFrameworksBuildPhase section */
		1BB9053BBC88F65246A1C827 /* Frameworks */ = {
			isa = PBXFrameworksBuildPhase;
			buildActionMask = 2147483647;
			files = (
				7AC17B9BE4A508C7F06756BF /* LiveKit in Frameworks */,
			);
			runOnlyForDeploymentPostprocessing = 0;
		};
/* End PBXFrameworksBuildPhase section */

/* Begin PBXGroup section */
		0E07DA7B211901EC8D7E5C3E /* Core */ = {
			isa = PBXGroup;
			children = (
				94B3FC67C40F201A95D5DE84 /* AppTheme.swift */,
				E3787DFBF852E99CC155AA88 /* Models.swift */,
			);
			path = Core;
			sourceTree = "<group>";
		};
		384A2C02EC20F0DEACC9E250 /* Common */ = {
			isa = PBXGroup;
			children = (
				0808D41E7D6FF97AF2E96DC3 /* CameraPreviewView.swift */,
				C4341E7FC86AD391D6567A00 /* LiveVideoTrackView.swift */,
				F876F1A54B38F93BC66B8B86 /* MotionOverlayView.swift */,
				6CF8056B2FB461262CDBDE97 /* PanelCard.swift */,
			);
			path = Common;
			sourceTree = "<group>";
		};
		3EDAC076EA95E43AD47BDB41 /* Services */ = {
			isa = PBXGroup;
			children = (
				01E8D7F868DD9A29D9E28DBD /* APIClient.swift */,
				AF28146DFA570E73332C94D2 /* BedExitDetector.swift */,
				9387712B7783A818463DE5F0 /* LiveKitRoomManager.swift */,
				527B609BDB8C270CF7AA2CC1 /* SensorCameraManager.swift */,
				A874106531BBEAA41C1637F7 /* SSEClient.swift */,
			);
			path = Services;
			sourceTree = "<group>";
		};
		47B96CB53B9B9AE8AE9A0E0C /* Products */ = {
			isa = PBXGroup;
			children = (
				896D58A2E69E236C4FC487B4 /* CareVisionSample.app */,
			);
			name = Products;
			sourceTree = "<group>";
		};
		79BD99E6CF355A326FB118DD = {
			isa = PBXGroup;
			children = (
				AE3B19C07C404FA08E8F1B71 /* CareVisionSample */,
				47B96CB53B9B9AE8AE9A0E0C /* Products */,
			);
			sourceTree = "<group>";
		};
		9B1287C06BCBAC5AD94A7C0D /* Sensor */ = {
			isa = PBXGroup;
			children = (
				D23543D63E9B5999533F377F /* SensorModeView.swift */,
				65DBAE6836C50925926F1669 /* SensorModeViewModel.swift */,
			);
			path = Sensor;
			sourceTree = "<group>";
		};
		AB8FECD6825557FF0207FA22 /* RolePicker */ = {
			isa = PBXGroup;
			children = (
				C1B4A8EC265E6B314530ECE1 /* RolePickerView.swift */,
			);
			path = RolePicker;
			sourceTree = "<group>";
		};
		AE3B19C07C404FA08E8F1B71 /* CareVisionSample */ = {
			isa = PBXGroup;
			children = (
				E67E771B54FE4124E1EE14A0 /* App */,
				0E07DA7B211901EC8D7E5C3E /* Core */,
				EA3BFDF39B41A535DDB5F2F1 /* Features */,
				3EDAC076EA95E43AD47BDB41 /* Services */,
			);
			path = CareVisionSample;
			sourceTree = "<group>";
		};
		D201F511E4EAE4F0B90FBDEA /* Caregiver */ = {
			isa = PBXGroup;
			children = (
				6A375F4CADAC6B89745C00A2 /* CaregiverModeView.swift */,
				455522F59E0112A64BAA50C4 /* CaregiverModeViewModel.swift */,
			);
			path = Caregiver;
			sourceTree = "<group>";
		};
		E67E771B54FE4124E1EE14A0 /* App */ = {
			isa = PBXGroup;
			children = (
				177BA34F336850E1C1054AFC /* AppRootView.swift */,
				C2AF52B5166C2BE11EA723A8 /* CareVisionSampleApp.swift */,
			);
			path = App;
			sourceTree = "<group>";
		};
		EA3BFDF39B41A535DDB5F2F1 /* Features */ = {
			isa = PBXGroup;
			children = (
				D201F511E4EAE4F0B90FBDEA /* Caregiver */,
				384A2C02EC20F0DEACC9E250 /* Common */,
				AB8FECD6825557FF0207FA22 /* RolePicker */,
				9B1287C06BCBAC5AD94A7C0D /* Sensor */,
			);
			path = Features;
			sourceTree = "<group>";
		};
/* End PBXGroup section */

/* Begin PBXNativeTarget section */
		605C0A7D44274B1018ACCA54 /* CareVisionSample */ = {
			isa = PBXNativeTarget;
			buildConfigurationList = E8D131D05E1F22C5B1944FE3 /* Build configuration list for PBXNativeTarget "CareVisionSample" */;
			buildPhases = (
				7382626FEF9F921A0C5E97FC /* Sources */,
				1BB9053BBC88F65246A1C827 /* Frameworks */,
			);
			buildRules = (
			);
			dependencies = (
			);
			name = CareVisionSample;
			packageProductDependencies = (
				FB60F8A5D164C0F6C113E5D4 /* LiveKit */,
			);
			productName = CareVisionSample;
			productReference = 896D58A2E69E236C4FC487B4 /* CareVisionSample.app */;
			productType = "com.apple.product-type.application";
		};
/* End PBXNativeTarget section */

/* Begin PBXProject section */
		D4AD2AE8D3B5050669861416 /* Project object */ = {
			isa = PBXProject;
			attributes = {
				BuildIndependentTargetsInParallel = YES;
				LastUpgradeCheck = 1430;
				TargetAttributes = {
					605C0A7D44274B1018ACCA54 = {
						DevelopmentTeam = "";
						ProvisioningStyle = Automatic;
					};
				};
			};
			buildConfigurationList = 94FABDD0CFE4E19D25946EE7 /* Build configuration list for PBXProject "CareVisionSample" */;
			developmentRegion = en;
			hasScannedForEncodings = 0;
			knownRegions = (
				Base,
				en,
			);
			mainGroup = 79BD99E6CF355A326FB118DD;
			minimizedProjectReferenceProxies = 1;
			packageReferences = (
				66DF432512043E958D88C4A2 /* XCRemoteSwiftPackageReference "client-sdk-swift" */,
			);
			preferredProjectObjectVersion = 77;
			productRefGroup = 47B96CB53B9B9AE8AE9A0E0C /* Products */;
			projectDirPath = "";
			projectRoot = "";
			targets = (
				605C0A7D44274B1018ACCA54 /* CareVisionSample */,
			);
		};
/* End PBXProject section */

/* Begin PBXSourcesBuildPhase section */
		7382626FEF9F921A0C5E97FC /* Sources */ = {
			isa = PBXSourcesBuildPhase;
			buildActionMask = 2147483647;
			files = (
				2375EB754F84D3C548944885 /* APIClient.swift in Sources */,
				54C820325241B874E622F509 /* AppRootView.swift in Sources */,
				E37BCE02B2904D47951E5C66 /* AppTheme.swift in Sources */,
				8C563F87DB1D3A469CB29743 /* BedExitDetector.swift in Sources */,
				116636B219565CA5C657A8F7 /* CameraPreviewView.swift in Sources */,
				0DA2C1ABB29BF270DC0665F8 /* CareVisionSampleApp.swift in Sources */,
				E8909AF9A2AFFED5055D337D /* CaregiverModeView.swift in Sources */,
				9BDCCB094F5A94D7CCFCA411 /* CaregiverModeViewModel.swift in Sources */,
				8ED568972ACBE0656B93E405 /* LiveKitRoomManager.swift in Sources */,
				75CA4D197E933D06AC6EE54E /* LiveVideoTrackView.swift in Sources */,
				975AFA3E45516D7A0AA9D237 /* Models.swift in Sources */,
				DFEC68605C59EB9F32739D70 /* MotionOverlayView.swift in Sources */,
				7CC9492C746C9E0A11E9D3CB /* PanelCard.swift in Sources */,
				0E21AE6DB9C5EC675C731590 /* RolePickerView.swift in Sources */,
				14EBF7129D84E197E36CE989 /* SSEClient.swift in Sources */,
				E88CC683C456AD7DE17C1379 /* SensorCameraManager.swift in Sources */,
				8F484890352660062D020C71 /* SensorModeView.swift in Sources */,
				646F00AD0B2019BF49B4B880 /* SensorModeViewModel.swift in Sources */,
			);
			runOnlyForDeploymentPostprocessing = 0;
		};
/* End PBXSourcesBuildPhase section */

/* Begin XCBuildConfiguration section */
		2B711DACEEB838FB48CE1DB6 /* Debug */ = {
			isa = XCBuildConfiguration;
			buildSettings = {
				ASSETCATALOG_COMPILER_APPICON_NAME = AppIcon;
				CODE_SIGN_IDENTITY = "iPhone Developer";
				CODE_SIGN_STYLE = Automatic;
				DEVELOPMENT_TEAM = "";
				GENERATE_INFOPLIST_FILE = YES;
				INFOPLIST_KEY_CFBundleDisplayName = "Care Vision Sample";
				INFOPLIST_KEY_NSAppTransportSecurity_NSAllowsArbitraryLoads = YES;
				INFOPLIST_KEY_NSCameraUsageDescription = "Camera access is required to preview the room and run the on-device Vision demo.";
				INFOPLIST_KEY_NSLocalNetworkUsageDescription = "Local network access is required to connect to the demo backend running on your Mac.";
				INFOPLIST_KEY_NSMicrophoneUsageDescription = "Microphone access is required when the demo publishes full live room audio.";
				IPHONEOS_DEPLOYMENT_TARGET = 17.0;
				LD_RUNPATH_SEARCH_PATHS = (
					"$(inherited)",
					"@executable_path/Frameworks",
				);
				PRODUCT_BUNDLE_IDENTIFIER = com.joeyrahme.carevisionsample;
				SDKROOT = iphoneos;
				SUPPORTS_MACCATALYST = NO;
				SWIFT_EMIT_LOC_STRINGS = NO;
				TARGETED_DEVICE_FAMILY = "1,2";
			};
			name = Debug;
		};
		2E5219FC20D819A232AEF8A4 /* Release */ = {
			isa = XCBuildConfiguration;
			buildSettings = {
				ALWAYS_SEARCH_USER_PATHS = NO;
				CLANG_ANALYZER_NONNULL = YES;
				CLANG_ANALYZER_NUMBER_OBJECT_CONVERSION = YES_AGGRESSIVE;
				CLANG_CXX_LANGUAGE_STANDARD = "gnu++14";
				CLANG_CXX_LIBRARY = "libc++";
				CLANG_ENABLE_MODULES = YES;
				CLANG_ENABLE_OBJC_ARC = YES;
				CLANG_ENABLE_OBJC_WEAK = YES;
				CLANG_WARN_BLOCK_CAPTURE_AUTORELEASING = YES;
				CLANG_WARN_BOOL_CONVERSION = YES;
				CLANG_WARN_COMMA = YES;
				CLANG_WARN_CONSTANT_CONVERSION = YES;
				CLANG_WARN_DEPRECATED_OBJC_IMPLEMENTATIONS = YES;
				CLANG_WARN_DIRECT_OBJC_ISA_USAGE = YES_ERROR;
				CLANG_WARN_DOCUMENTATION_COMMENTS = YES;
				CLANG_WARN_EMPTY_BODY = YES;
				CLANG_WARN_ENUM_CONVERSION = YES;
				CLANG_WARN_INFINITE_RECURSION = YES;
				CLANG_WARN_INT_CONVERSION = YES;
				CLANG_WARN_NON_LITERAL_NULL_CONVERSION = YES;
				CLANG_WARN_OBJC_IMPLICIT_RETAIN_SELF = YES;
				CLANG_WARN_OBJC_LITERAL_CONVERSION = YES;
				CLANG_WARN_OBJC_ROOT_CLASS = YES_ERROR;
				CLANG_WARN_QUOTED_INCLUDE_IN_FRAMEWORK_HEADER = YES;
				CLANG_WARN_RANGE_LOOP_ANALYSIS = YES;
				CLANG_WARN_STRICT_PROTOTYPES = YES;
				CLANG_WARN_SUSPICIOUS_MOVE = YES;
				CLANG_WARN_UNGUARDED_AVAILABILITY = YES_AGGRESSIVE;
				CLANG_WARN_UNREACHABLE_CODE = YES;
				CLANG_WARN__DUPLICATE_METHOD_MATCH = YES;
				COPY_PHASE_STRIP = NO;
				DEBUG_INFORMATION_FORMAT = "dwarf-with-dsym";
				ENABLE_NS_ASSERTIONS = NO;
				ENABLE_STRICT_OBJC_MSGSEND = YES;
				GCC_C_LANGUAGE_STANDARD = gnu11;
				GCC_NO_COMMON_BLOCKS = YES;
				GCC_WARN_64_TO_32_BIT_CONVERSION = YES;
				GCC_WARN_ABOUT_RETURN_TYPE = YES_ERROR;
				GCC_WARN_UNDECLARED_SELECTOR = YES;
				GCC_WARN_UNINITIALIZED_AUTOS = YES_AGGRESSIVE;
				GCC_WARN_UNUSED_FUNCTION = YES;
				GCC_WARN_UNUSED_VARIABLE = YES;
				IPHONEOS_DEPLOYMENT_TARGET = 17.0;
				MTL_ENABLE_DEBUG_INFO = NO;
				MTL_FAST_MATH = YES;
				PRODUCT_NAME = "$(TARGET_NAME)";
				SDKROOT = iphoneos;
				SWIFT_COMPILATION_MODE = wholemodule;
				SWIFT_OPTIMIZATION_LEVEL = "-O";
				SWIFT_VERSION = 5.1;
			};
			name = Release;
		};
		937BCE7BE8FF8435071073B6 /* Release */ = {
			isa = XCBuildConfiguration;
			buildSettings = {
				ASSETCATALOG_COMPILER_APPICON_NAME = AppIcon;
				CODE_SIGN_IDENTITY = "iPhone Developer";
				CODE_SIGN_STYLE = Automatic;
				DEVELOPMENT_TEAM = "";
				GENERATE_INFOPLIST_FILE = YES;
				INFOPLIST_KEY_CFBundleDisplayName = "Care Vision Sample";
				INFOPLIST_KEY_NSAppTransportSecurity_NSAllowsArbitraryLoads = YES;
				INFOPLIST_KEY_NSCameraUsageDescription = "Camera access is required to preview the room and run the on-device Vision demo.";
				INFOPLIST_KEY_NSLocalNetworkUsageDescription = "Local network access is required to connect to the demo backend running on your Mac.";
				INFOPLIST_KEY_NSMicrophoneUsageDescription = "Microphone access is required when the demo publishes full live room audio.";
				IPHONEOS_DEPLOYMENT_TARGET = 17.0;
				LD_RUNPATH_SEARCH_PATHS = (
					"$(inherited)",
					"@executable_path/Frameworks",
				);
				PRODUCT_BUNDLE_IDENTIFIER = com.joeyrahme.carevisionsample;
				SDKROOT = iphoneos;
				SUPPORTS_MACCATALYST = NO;
				SWIFT_EMIT_LOC_STRINGS = NO;
				TARGETED_DEVICE_FAMILY = "1,2";
			};
			name = Release;
		};
		94591BF8F0AC6449F3FCC734 /* Debug */ = {
			isa = XCBuildConfiguration;
			buildSettings = {
				ALWAYS_SEARCH_USER_PATHS = NO;
				CLANG_ANALYZER_NONNULL = YES;
				CLANG_ANALYZER_NUMBER_OBJECT_CONVERSION = YES_AGGRESSIVE;
				CLANG_CXX_LANGUAGE_STANDARD = "gnu++14";
				CLANG_CXX_LIBRARY = "libc++";
				CLANG_ENABLE_MODULES = YES;
				CLANG_ENABLE_OBJC_ARC = YES;
				CLANG_ENABLE_OBJC_WEAK = YES;
				CLANG_WARN_BLOCK_CAPTURE_AUTORELEASING = YES;
				CLANG_WARN_BOOL_CONVERSION = YES;
				CLANG_WARN_COMMA = YES;
				CLANG_WARN_CONSTANT_CONVERSION = YES;
				CLANG_WARN_DEPRECATED_OBJC_IMPLEMENTATIONS = YES;
				CLANG_WARN_DIRECT_OBJC_ISA_USAGE = YES_ERROR;
				CLANG_WARN_DOCUMENTATION_COMMENTS = YES;
				CLANG_WARN_EMPTY_BODY = YES;
				CLANG_WARN_ENUM_CONVERSION = YES;
				CLANG_WARN_INFINITE_RECURSION = YES;
				CLANG_WARN_INT_CONVERSION = YES;
				CLANG_WARN_NON_LITERAL_NULL_CONVERSION = YES;
				CLANG_WARN_OBJC_IMPLICIT_RETAIN_SELF = YES;
				CLANG_WARN_OBJC_LITERAL_CONVERSION = YES;
				CLANG_WARN_OBJC_ROOT_CLASS = YES_ERROR;
				CLANG_WARN_QUOTED_INCLUDE_IN_FRAMEWORK_HEADER = YES;
				CLANG_WARN_RANGE_LOOP_ANALYSIS = YES;
				CLANG_WARN_STRICT_PROTOTYPES = YES;
				CLANG_WARN_SUSPICIOUS_MOVE = YES;
				CLANG_WARN_UNGUARDED_AVAILABILITY = YES_AGGRESSIVE;
				CLANG_WARN_UNREACHABLE_CODE = YES;
				CLANG_WARN__DUPLICATE_METHOD_MATCH = YES;
				COPY_PHASE_STRIP = NO;
				DEBUG_INFORMATION_FORMAT = dwarf;
				ENABLE_STRICT_OBJC_MSGSEND = YES;
				ENABLE_TESTABILITY = YES;
				GCC_C_LANGUAGE_STANDARD = gnu11;
				GCC_DYNAMIC_NO_PIC = NO;
				GCC_NO_COMMON_BLOCKS = YES;
				GCC_OPTIMIZATION_LEVEL = 0;
				GCC_PREPROCESSOR_DEFINITIONS = (
					"$(inherited)",
					"DEBUG=1",
				);
				GCC_WARN_64_TO_32_BIT_CONVERSION = YES;
				GCC_WARN_ABOUT_RETURN_TYPE = YES_ERROR;
				GCC_WARN_UNDECLARED_SELECTOR = YES;
				GCC_WARN_UNINITIALIZED_AUTOS = YES_AGGRESSIVE;
				GCC_WARN_UNUSED_FUNCTION = YES;
				GCC_WARN_UNUSED_VARIABLE = YES;
				IPHONEOS_DEPLOYMENT_TARGET = 17.0;
				MTL_ENABLE_DEBUG_INFO = INCLUDE_SOURCE;
				MTL_FAST_MATH = YES;
				ONLY_ACTIVE_ARCH = YES;
				PRODUCT_NAME = "$(TARGET_NAME)";
				SDKROOT = iphoneos;
				SWIFT_ACTIVE_COMPILATION_CONDITIONS = DEBUG;
				SWIFT_OPTIMIZATION_LEVEL = "-Onone";
				SWIFT_VERSION = 5.1;
			};
			name = Debug;
		};
/* End XCBuildConfiguration section */

/* Begin XCConfigurationList section */
		94FABDD0CFE4E19D25946EE7 /* Build configuration list for PBXProject "CareVisionSample" */ = {
			isa = XCConfigurationList;
			buildConfigurations = (
				94591BF8F0AC6449F3FCC734 /* Debug */,
				2E5219FC20D819A232AEF8A4 /* Release */,
			);
			defaultConfigurationIsVisible = 0;
			defaultConfigurationName = Debug;
		};
		E8D131D05E1F22C5B1944FE3 /* Build configuration list for PBXNativeTarget "CareVisionSample" */ = {
			isa = XCConfigurationList;
			buildConfigurations = (
				2B711DACEEB838FB48CE1DB6 /* Debug */,
				937BCE7BE8FF8435071073B6 /* Release */,
			);
			defaultConfigurationIsVisible = 0;
			defaultConfigurationName = Debug;
		};
/* End XCConfigurationList section */

/* Begin XCRemoteSwiftPackageReference section */
		66DF432512043E958D88C4A2 /* XCRemoteSwiftPackageReference "client-sdk-swift" */ = {
			isa = XCRemoteSwiftPackageReference;
			repositoryURL = "https://github.com/livekit/client-sdk-swift.git";
			requirement = {
				kind = upToNextMajorVersion;
				minimumVersion = 2.12.1;
			};
		};
/* End XCRemoteSwiftPackageReference section */

/* Begin XCSwiftPackageProductDependency section */
		FB60F8A5D164C0F6C113E5D4 /* LiveKit */ = {
			isa = XCSwiftPackageProductDependency;
			package = 66DF432512043E958D88C4A2 /* XCRemoteSwiftPackageReference "client-sdk-swift" */;
			productName = LiveKit;
		};
/* End XCSwiftPackageProductDependency section */
	};
	rootObject = D4AD2AE8D3B5050669861416 /* Project object */;
}
